
Microsoft Visual Studio Solution File, Format Version 12.00
# Visual Studio Version 16
VisualStudioVersion = 16.0.31313.79
MinimumVisualStudioVersion = 10.0.40219.1
Project("{FAE04EC0-301F-11D3-BF4B-00C04F79EFBC}") = "APIMShared", "APIMShared\APIMShared.csproj", "{EA1B2B56-FA46-4A91-8B27-0F2151398A55}"
EndProject
Global
	GlobalSection(SolutionConfigurationPlatforms) = preSolution
		Debug|Any CPU = Debug|Any CPU
		Release|Any CPU = Release|Any CPU
	EndGlobalSection
	GlobalSection(ProjectConfigurationPlatforms) = postSolution
		{EA1B2B56-FA46-4A91-8B27-0F2151398A55}.Debug|Any CPU.ActiveCfg = Debug|Any CPU
		{EA1B2B56-FA46-4A91-8B27-0F2151398A55}.Debug|Any CPU.Build.0 = Debug|Any CPU
		{EA1B2B56-FA46-4A91-8B27-0F2151398A55}.Release|Any CPU.ActiveCfg = Release|Any CPU
		{EA1B2B56-FA46-4A91-8B27-0F2151398A55}.Release|Any CPU.Build.0 = Release|Any CPU
	EndGlobalSection
	GlobalSection(SolutionProperties) = preSolution
		HideSolutionNode = FALSE
	EndGlobalSection
	GlobalSection(ExtensibilityGlobals) = postSolution
		SolutionGuid = {834E058D-EDA5-48DE-967A-05F1F795EDB4}
	EndGlobalSection
EndGlobal
